
Microsoft Visual Studio Solution File, Format Version 12.00
# Visual Studio 15
VisualStudioVersion = 15.0.28307.136
MinimumVisualStudioVersion = 10.0.40219.1
Project("{FAE04EC0-301F-11D3-BF4B-00C04F79EFBC}") = "Assignment", "Assignment\Assignment.csproj", "{D320B8C6-EFA8-40B1-83A0-68FD6C46B433}"
EndProject
Global
	GlobalSection(SolutionConfigurationPlatforms) = preSolution
		Debug|Any CPU = Debug|Any CPU
		Release|Any CPU = Release|Any CPU
	EndGlobalSection
	GlobalSection(ProjectConfigurationPlatforms) = postSolution
		{D320B8C6-EFA8-40B1-83A0-68FD6C46B433}.Debug|Any CPU.ActiveCfg = Debug|Any CPU
		{D320B8C6-EFA8-40B1-83A0-68FD6C46B433}.Debug|Any CPU.Build.0 = Debug|Any CPU
		{D320B8C6-EFA8-40B1-83A0-68FD6C46B433}.Release|Any CPU.ActiveCfg = Release|Any CPU
		{D320B8C6-EFA8-40B1-83A0-68FD6C46B433}.Release|Any CPU.Build.0 = Release|Any CPU
	EndGlobalSection
	GlobalSection(SolutionProperties) = preSolution
		HideSolutionNode = FALSE
	EndGlobalSection
	GlobalSection(ExtensibilityGlobals) = postSolution
		SolutionGuid = {1361783C-70B2-486C-9D43-850AC6515403}
	EndGlobalSection
EndGlobal
